
Microsoft Visual Studio Solution File, Format Version 12.00
# Visual Studio Version 16
VisualStudioVersion = 16.0.29806.167
MinimumVisualStudioVersion = 10.0.40219.1
Project("{9A19103F-16F7-4668-BE54-9A1E7A4F7556}") = "01.StartupDemo", "01.StartupDemo\01.StartupDemo.csproj", "{8722E5C5-433D-49C6-A1CE-D990FFCC811A}"
EndProject
Project("{9A19103F-16F7-4668-BE54-9A1E7A4F7556}") = "02.DependencyInjectionDemo", "02.DependencyInjectionDemo\02.DependencyInjectionDemo.csproj", "{7063FBC1-A808-482D-A32B-5E093E36348F}"
EndProject
Project("{9A19103F-16F7-4668-BE54-9A1E7A4F7556}") = "03.DependencyInjectionScopeAndDisposableDemo", "03.DependencyInjectionScopeAndDisposableDemo\03.DependencyInjectionScopeAndDisposableDemo.csproj", "{21F245DF-A413-4A11-8F0C-C307B39A4A1F}"
EndProject
Project("{9A19103F-16F7-4668-BE54-9A1E7A4F7556}") = "04.ConfigurationDemo", "ConfigurationDemo\04.ConfigurationDemo.csproj", "{C0370322-EAF2-4D0F-82D7-8BB67A531CD1}"
EndProject
Project("{9A19103F-16F7-4668-BE54-9A1E7A4F7556}") = "05.ConfigurationCommandLineDemo", "ConfigurationCommandLineDemo\05.ConfigurationCommandLineDemo.csproj", "{D88E3DA5-79D5-49B6-821A-2BA78AB229AF}"
EndProject
Project("{9A19103F-16F7-4668-BE54-9A1E7A4F7556}") = "06.ConfigurationEnvironmentVariablesDemo", "ConfigurationEnvironmentVariablesDemo\06.ConfigurationEnvironmentVariablesDemo.csproj", "{2122CB41-0E05-45E4-BAE7-31FAC8AF8720}"
EndProject
Project("{9A19103F-16F7-4668-BE54-9A1E7A4F7556}") = "07.ConfigurationFileDemo", "ConfigurationFileDemo\07.ConfigurationFileDemo.csproj", "{33CD7EFD-3D50-428B-9D17-2D6F6880CE98}"
EndProject
Project("{9A19103F-16F7-4668-BE54-9A1E7A4F7556}") = "08.OptionsDemo", "OptionsDemo\08.OptionsDemo.csproj", "{3DE8DDFA-62E6-4604-8C8D-DADB47C2CB52}"
EndProject
Project("{9A19103F-16F7-4668-BE54-9A1E7A4F7556}") = "09.OptionsDemo2", "OptionsDemo2\09.OptionsDemo2.csproj", "{326667A8-4B6F-4D18-87F5-C2E040D26F8A}"
EndProject
Project("{9A19103F-16F7-4668-BE54-9A1E7A4F7556}") = "10.OptionsDemo3", "OptionsDemo3\10.OptionsDemo3.csproj", "{46AA6ECE-3E5D-4D35-8A6B-CD97021A8A23}"
EndProject
Project("{9A19103F-16F7-4668-BE54-9A1E7A4F7556}") = "11.MiddlewareDemo", "MiddlewareDemo\11.MiddlewareDemo.csproj", "{E1A8489A-EE18-48FE-97BB-4AB1B37B0035}"
EndProject
Project("{9A19103F-16F7-4668-BE54-9A1E7A4F7556}") = "12.ExceptionDemo", "ExceptionDemo\12.ExceptionDemo.csproj", "{9EB5D376-D070-4367-BA38-3B1591A5A23C}"
EndProject
Project("{FAE04EC0-301F-11D3-BF4B-00C04F79EFBC}") = "13.StaticFilesDemo", "StaticFilesDemo\13.StaticFilesDemo.csproj", "{9FBEB0BE-2BB7-4244-BF4C-889A8667852E}"
EndProject
Global
	GlobalSection(SolutionConfigurationPlatforms) = preSolution
		Debug|Any CPU = Debug|Any CPU
		Release|Any CPU = Release|Any CPU
	EndGlobalSection
	GlobalSection(ProjectConfigurationPlatforms) = postSolution
		{8722E5C5-433D-49C6-A1CE-D990FFCC811A}.Debug|Any CPU.ActiveCfg = Debug|Any CPU
		{8722E5C5-433D-49C6-A1CE-D990FFCC811A}.Debug|Any CPU.Build.0 = Debug|Any CPU
		{8722E5C5-433D-49C6-A1CE-D990FFCC811A}.Release|Any CPU.ActiveCfg = Release|Any CPU
		{8722E5C5-433D-49C6-A1CE-D990FFCC811A}.Release|Any CPU.Build.0 = Release|Any CPU
		{7063FBC1-A808-482D-A32B-5E093E36348F}.Debug|Any CPU.ActiveCfg = Debug|Any CPU
		{7063FBC1-A808-482D-A32B-5E093E36348F}.Debug|Any CPU.Build.0 = Debug|Any CPU
		{7063FBC1-A808-482D-A32B-5E093E36348F}.Release|Any CPU.ActiveCfg = Release|Any CPU
		{7063FBC1-A808-482D-A32B-5E093E36348F}.Release|Any CPU.Build.0 = Release|Any CPU
		{21F245DF-A413-4A11-8F0C-C307B39A4A1F}.Debug|Any CPU.ActiveCfg = Debug|Any CPU
		{21F245DF-A413-4A11-8F0C-C307B39A4A1F}.Debug|Any CPU.Build.0 = Debug|Any CPU
		{21F245DF-A413-4A11-8F0C-C307B39A4A1F}.Release|Any CPU.ActiveCfg = Release|Any CPU
		{21F245DF-A413-4A11-8F0C-C307B39A4A1F}.Release|Any CPU.Build.0 = Release|Any CPU
		{C0370322-EAF2-4D0F-82D7-8BB67A531CD1}.Debug|Any CPU.ActiveCfg = Debug|Any CPU
		{C0370322-EAF2-4D0F-82D7-8BB67A531CD1}.Debug|Any CPU.Build.0 = Debug|Any CPU
		{C0370322-EAF2-4D0F-82D7-8BB67A531CD1}.Release|Any CPU.ActiveCfg = Release|Any CPU
		{C0370322-EAF2-4D0F-82D7-8BB67A531CD1}.Release|Any CPU.Build.0 = Release|Any CPU
		{D88E3DA5-79D5-49B6-821A-2BA78AB229AF}.Debug|Any CPU.ActiveCfg = Debug|Any CPU
		{D88E3DA5-79D5-49B6-821A-2BA78AB229AF}.Debug|Any CPU.Build.0 = Debug|Any CPU
		{D88E3DA5-79D5-49B6-821A-2BA78AB229AF}.Release|Any CPU.ActiveCfg = Release|Any CPU
		{D88E3DA5-79D5-49B6-821A-2BA78AB229AF}.Release|Any CPU.Build.0 = Release|Any CPU
		{2122CB41-0E05-45E4-BAE7-31FAC8AF8720}.Debug|Any CPU.ActiveCfg = Debug|Any CPU
		{2122CB41-0E05-45E4-BAE7-31FAC8AF8720}.Debug|Any CPU.Build.0 = Debug|Any CPU
		{2122CB41-0E05-45E4-BAE7-31FAC8AF8720}.Release|Any CPU.ActiveCfg = Release|Any CPU
		{2122CB41-0E05-45E4-BAE7-31FAC8AF8720}.Release|Any CPU.Build.0 = Release|Any CPU
		{33CD7EFD-3D50-428B-9D17-2D6F6880CE98}.Debug|Any CPU.ActiveCfg = Debug|Any CPU
		{33CD7EFD-3D50-428B-9D17-2D6F6880CE98}.Debug|Any CPU.Build.0 = Debug|Any CPU
		{33CD7EFD-3D50-428B-9D17-2D6F6880CE98}.Release|Any CPU.ActiveCfg = Release|Any CPU
		{33CD7EFD-3D50-428B-9D17-2D6F6880CE98}.Release|Any CPU.Build.0 = Release|Any CPU
		{3DE8DDFA-62E6-4604-8C8D-DADB47C2CB52}.Debug|Any CPU.ActiveCfg = Debug|Any CPU
		{3DE8DDFA-62E6-4604-8C8D-DADB47C2CB52}.Debug|Any CPU.Build.0 = Debug|Any CPU
		{3DE8DDFA-62E6-4604-8C8D-DADB47C2CB52}.Release|Any CPU.ActiveCfg = Release|Any CPU
		{3DE8DDFA-62E6-4604-8C8D-DADB47C2CB52}.Release|Any CPU.Build.0 = Release|Any CPU
		{326667A8-4B6F-4D18-87F5-C2E040D26F8A}.Debug|Any CPU.ActiveCfg = Debug|Any CPU
		{326667A8-4B6F-4D18-87F5-C2E040D26F8A}.Debug|Any CPU.Build.0 = Debug|Any CPU
		{326667A8-4B6F-4D18-87F5-C2E040D26F8A}.Release|Any CPU.ActiveCfg = Release|Any CPU
		{326667A8-4B6F-4D18-87F5-C2E040D26F8A}.Release|Any CPU.Build.0 = Release|Any CPU
		{46AA6ECE-3E5D-4D35-8A6B-CD97021A8A23}.Debug|Any CPU.ActiveCfg = Debug|Any CPU
		{46AA6ECE-3E5D-4D35-8A6B-CD97021A8A23}.Debug|Any CPU.Build.0 = Debug|Any CPU
		{46AA6ECE-3E5D-4D35-8A6B-CD97021A8A23}.Release|Any CPU.ActiveCfg = Release|Any CPU
		{46AA6ECE-3E5D-4D35-8A6B-CD97021A8A23}.Release|Any CPU.Build.0 = Release|Any CPU
		{E1A8489A-EE18-48FE-97BB-4AB1B37B0035}.Debug|Any CPU.ActiveCfg = Debug|Any CPU
		{E1A8489A-EE18-48FE-97BB-4AB1B37B0035}.Debug|Any CPU.Build.0 = Debug|Any CPU
		{E1A8489A-EE18-48FE-97BB-4AB1B37B0035}.Release|Any CPU.ActiveCfg = Release|Any CPU
		{E1A8489A-EE18-48FE-97BB-4AB1B37B0035}.Release|Any CPU.Build.0 = Release|Any CPU
		{9EB5D376-D070-4367-BA38-3B1591A5A23C}.Debug|Any CPU.ActiveCfg = Debug|Any CPU
		{9EB5D376-D070-4367-BA38-3B1591A5A23C}.Debug|Any CPU.Build.0 = Debug|Any CPU
		{9EB5D376-D070-4367-BA38-3B1591A5A23C}.Release|Any CPU.ActiveCfg = Release|Any CPU
		{9EB5D376-D070-4367-BA38-3B1591A5A23C}.Release|Any CPU.Build.0 = Release|Any CPU
		{9FBEB0BE-2BB7-4244-BF4C-889A8667852E}.Debug|Any CPU.ActiveCfg = Debug|Any CPU
		{9FBEB0BE-2BB7-4244-BF4C-889A8667852E}.Debug|Any CPU.Build.0 = Debug|Any CPU
		{9FBEB0BE-2BB7-4244-BF4C-889A8667852E}.Release|Any CPU.ActiveCfg = Release|Any CPU
		{9FBEB0BE-2BB7-4244-BF4C-889A8667852E}.Release|Any CPU.Build.0 = Release|Any CPU
	EndGlobalSection
	GlobalSection(SolutionProperties) = preSolution
		HideSolutionNode = FALSE
	EndGlobalSection
	GlobalSection(ExtensibilityGlobals) = postSolution
		SolutionGuid = {71418D95-6550-460C-BE44-CA3418EBA1EC}
	EndGlobalSection
EndGlobal
